
Microsoft Visual Studio Solution File, Format Version 12.00
# Visual Studio Version 17
VisualStudioVersion = 17.10.35122.118
MinimumVisualStudioVersion = 10.0.40219.1
Project("{9A19103F-16F7-4668-BE54-9A1E7A4F7556}") = "BookWorm", "BookWorm\BookWorm.csproj", "{4786DA81-90C9-4CF3-A757-E6827E963987}"
EndProject
Project("{9A19103F-16F7-4668-BE54-9A1E7A4F7556}") = "BookWorm.Tests", "BookWorm.Tests\BookWorm.Tests.csproj", "{C955911B-3CFB-407B-A347-EE08FE182D1B}"
EndProject
Global
	GlobalSection(SolutionConfigurationPlatforms) = preSolution
		Debug|Any CPU = Debug|Any CPU
		Release|Any CPU = Release|Any CPU
	EndGlobalSection
	GlobalSection(ProjectConfigurationPlatforms) = postSolution
		{4786DA81-90C9-4CF3-A757-E6827E963987}.Debug|Any CPU.ActiveCfg = Debug|Any CPU
		{4786DA81-90C9-4CF3-A757-E6827E963987}.Debug|Any CPU.Build.0 = Debug|Any CPU
		{4786DA81-90C9-4CF3-A757-E6827E963987}.Release|Any CPU.ActiveCfg = Release|Any CPU
		{4786DA81-90C9-4CF3-A757-E6827E963987}.Release|Any CPU.Build.0 = Release|Any CPU
		{C955911B-3CFB-407B-A347-EE08FE182D1B}.Debug|Any CPU.ActiveCfg = Debug|Any CPU
		{C955911B-3CFB-407B-A347-EE08FE182D1B}.Debug|Any CPU.Build.0 = Debug|Any CPU
		{C955911B-3CFB-407B-A347-EE08FE182D1B}.Release|Any CPU.ActiveCfg = Release|Any CPU
		{C955911B-3CFB-407B-A347-EE08FE182D1B}.Release|Any CPU.Build.0 = Release|Any CPU
	EndGlobalSection
	GlobalSection(SolutionProperties) = preSolution
		HideSolutionNode = FALSE
	EndGlobalSection
	GlobalSection(ExtensibilityGlobals) = postSolution
		SolutionGuid = {61AE591E-AAA1-4E95-9E01-DE911AAC9956}
	EndGlobalSection
EndGlobal
